{
  "name": "LOL_Quiz",
  "version": "1.0.0",
  "lockfileVersion": 1,
  "requires": true,
  "dependencies": {
    "lib": {
      "version": "4.3.2",
      "resolved": "https://registry.npmjs.org/lib/-/lib-4.3.2.tgz",
      "integrity": "sha512-Hjjx/X1bjBU4wnnFcyBAo32dpK6UTdk70NBSPlKVIYG7fy73vECc3QpMpvJLWhLqWLxcvGzxQNGWgH/x6e7JCA==",
      "dev": true
    }
  }
}
